{
  "nodes": {
    "boxpub": {
      "flake": false,
      "locked": {
        "lastModified": 1588725561,
        "narHash": "sha256-hFNrtDlj7+ueFT8mCHeqe2m7FLNsyooWU9rzwqY8NVc=",
        "owner": "eadwu",
        "repo": "boxpub",
        "rev": "2794126472cd5fbf10ca67bcfeb9a9bf0a7a7d5a",
        "type": "github"
      },
      "original": {
        "owner": "eadwu",
        "ref": "boxpub/2.x",
        "repo": "boxpub",
        "type": "github"
      }
    },
    "custom": {
      "inputs": {
        "boxpub": "boxpub",
        "dd-hosts": "dd-hosts",
        "emacs-overlay": "emacs-overlay",
        "flakes-srcs": "flakes-srcs",
        "imperial": "imperial",
        "nixops": "nixops",
        "nixpkgs": [
          "external",
          "nixpkgs"
        ],
        "plymouth-themes": "plymouth-themes",
        "privacy-haters": "privacy-haters",
        "quantum-ad-list": "quantum-ad-list",
        "sb-hosts": "sb-hosts",
        "uhb-hosts": "uhb-hosts"
      },
      "locked": {
        "lastModified": 1633742140,
        "narHash": "sha256-Hzx3AwxvSVfuRnfLMONh9bZls01fjGGuynQpfqhuaD4=",
        "owner": "eadwu",
        "repo": "flakes",
        "rev": "c78436fd36d7ae101877d8a2ef0cb0b6986c32e6",
        "type": "github"
      },
      "original": {
        "owner": "eadwu",
        "ref": "custom",
        "repo": "flakes",
        "type": "github"
      }
    },
    "dd-hosts": {
      "flake": false,
      "locked": {
        "lastModified": 1635469522,
        "narHash": "sha256-+FU6qmBUEzDQr4WtAWmI/3Q7LWFze1mZ6iSLDPEQHI4=",
        "owner": "lightswitch05",
        "repo": "hosts",
        "rev": "912cef4ec065ac163e8d6ad87841bb5e7ab7be88",
        "type": "github"
      },
      "original": {
        "owner": "lightswitch05",
        "repo": "hosts",
        "type": "github"
      }
    },
    "dwm": {
      "flake": false,
      "locked": {
        "lastModified": 1584925500,
        "narHash": "sha256-ElU41YQgXsCEbKZuIEwGHeBEqRs8xIZwUT1ZGExAauQ=",
        "owner": "eadwu",
        "repo": "dwm",
        "rev": "991663dae7e73322cd87b98bc723e3f3c360c536",
        "type": "gitlab"
      },
      "original": {
        "owner": "eadwu",
        "ref": "develop",
        "repo": "dwm",
        "type": "gitlab"
      }
    },
    "emacs-overlay": {
      "locked": {
        "lastModified": 1635442555,
        "narHash": "sha256-jmyXAFevCDcIi9EqBVEu+NbAbjJK8Z2SVldk4vCX5L8=",
        "owner": "nix-community",
        "repo": "emacs-overlay",
        "rev": "f0adc9b0fc342e78969bc7eed41d2a8463b02470",
        "type": "github"
      },
      "original": {
        "owner": "nix-community",
        "repo": "emacs-overlay",
        "type": "github"
      }
    },
    "eww": {
      "flake": false,
      "locked": {
        "lastModified": 1635120277,
        "narHash": "sha256-ql9wi3Dq/1m8c0OORKnACbL1HbDd3gnDIBPvbFtlHCM=",
        "owner": "elkowar",
        "repo": "eww",
        "rev": "955271bbd57a997032a3a72d0f6a09e5bc11c945",
        "type": "github"
      },
      "original": {
        "owner": "elkowar",
        "repo": "eww",
        "type": "github"
      }
    },
    "external": {
      "inputs": {
        "custom": "custom",
        "nixpkgs": [
          "nixpkgs"
        ],
        "rolling": "rolling",
        "srcs": "srcs"
      },
      "locked": {
        "lastModified": 1624912618,
        "narHash": "sha256-iYh5zjHr3RKBVSJ4VhJ+Z/E58ut3C0z4khFOW3Ixgjg=",
        "owner": "eadwu",
        "repo": "flakes",
        "rev": "56361032696375eec296f3b6db36ca7c307c70c6",
        "type": "github"
      },
      "original": {
        "owner": "eadwu",
        "repo": "flakes",
        "type": "github"
      }
    },
    "fenix": {
      "inputs": {
        "nixpkgs": [
          "external",
          "rolling",
          "nixpkgs"
        ],
        "rust-analyzer-src": "rust-analyzer-src"
      },
      "locked": {
        "lastModified": 1635402244,
        "narHash": "sha256-4bUSYJDRxAo66UpNkFmEMRIWMdDXBEnq8GB/rG++Y3A=",
        "owner": "nix-community",
        "repo": "fenix",
        "rev": "840f96d1f3257d64c04fe949dfc9c0b4795c04c1",
        "type": "github"
      },
      "original": {
        "owner": "nix-community",
        "repo": "fenix",
        "type": "github"
      }
    },
    "flake-compat": {
      "flake": false,
      "locked": {
        "lastModified": 1606424373,
        "narHash": "sha256-oq8d4//CJOrVj+EcOaSXvMebvuTkmBJuT5tzlfewUnQ=",
        "owner": "edolstra",
        "repo": "flake-compat",
        "rev": "99f1c2157fba4bfe6211a321fd0ee43199025dbf",
        "type": "github"
      },
      "original": {
        "owner": "edolstra",
        "repo": "flake-compat",
        "type": "github"
      }
    },
    "flake-compat_2": {
      "flake": false,
      "locked": {
        "lastModified": 1627913399,
        "narHash": "sha256-hY8g6H2KFL8ownSiFeMOjwPC8P0ueXpCVEbxgda3pko=",
        "owner": "edolstra",
        "repo": "flake-compat",
        "rev": "12c64ca55c1014cdc1b16ed5a804aa8576601ff2",
        "type": "github"
      },
      "original": {
        "owner": "edolstra",
        "repo": "flake-compat",
        "type": "github"
      }
    },
    "flake-utils": {
      "locked": {
        "lastModified": 1623875721,
        "narHash": "sha256-A8BU7bjS5GirpAUv4QA+QnJ4CceLHkcXdRp4xITDB0s=",
        "owner": "numtide",
        "repo": "flake-utils",
        "rev": "f7e004a55b120c02ecb6219596820fcd32ca8772",
        "type": "github"
      },
      "original": {
        "owner": "numtide",
        "repo": "flake-utils",
        "type": "github"
      }
    },
    "flakes-srcs": {
      "inputs": {
        "nixpkgs": "nixpkgs"
      },
      "locked": {
        "lastModified": 1635462802,
        "narHash": "sha256-sK2K9+lLC5eNuHYPi4nrxj4q5H2upHSHN8WW0bX4MJ0=",
        "owner": "eadwu",
        "repo": "flakes",
        "rev": "f11c021bf908b797f4c7ee319c5681ad9bb6cb12",
        "type": "github"
      },
      "original": {
        "owner": "eadwu",
        "ref": "src",
        "repo": "flakes",
        "type": "github"
      }
    },
    "gtk-theme-collections": {
      "flake": false,
      "locked": {
        "lastModified": 1544870172,
        "narHash": "sha256-iysMQSwN23iPbcswZkX+oxi7KM2BDuEfd3l0PFxeD3U=",
        "owner": "addy-dclxvi",
        "repo": "gtk-theme-collections",
        "rev": "653687130a549a402528501f148db58a66a3ef7c",
        "type": "github"
      },
      "original": {
        "owner": "addy-dclxvi",
        "repo": "gtk-theme-collections",
        "type": "github"
      }
    },
    "home-manager": {
      "inputs": {
        "nixpkgs": [
          "nixpkgs"
        ]
      },
      "locked": {
        "lastModified": 1635394434,
        "narHash": "sha256-aOllNFaasxQalCt2D0FXrgOMsn0TZZue42uNkjH896I=",
        "owner": "nix-community",
        "repo": "home-manager",
        "rev": "158bc593983ef26daeb9cc73fd659f64b4d1998a",
        "type": "github"
      },
      "original": {
        "owner": "nix-community",
        "repo": "home-manager",
        "type": "github"
      }
    },
    "imperial": {
      "inputs": {
        "flake-compat": "flake-compat",
        "nixpkgs": "nixpkgs_2"
      },
      "locked": {
        "lastModified": 1628805265,
        "narHash": "sha256-92w/yOQf3hV7L9z2O/eEoOt0cqKUuHhEzKO1FSrAssU=",
        "owner": "eadwu",
        "repo": "imperial",
        "rev": "66e20f3b5a6a4f2e1b3186b1aa1ddfeb4bb057ea",
        "type": "github"
      },
      "original": {
        "owner": "eadwu",
        "repo": "imperial",
        "type": "github"
      }
    },
    "impermanence": {
      "locked": {
        "lastModified": 1611747548,
        "narHash": "sha256-2z5wmWda1uI4IkTZrW52jiHq3bzhYLc+GgjvaSd544M=",
        "owner": "nix-community",
        "repo": "impermanence",
        "rev": "58558845bc68dcf2bb32caa80564f7fe3f6cbc61",
        "type": "github"
      },
      "original": {
        "owner": "nix-community",
        "repo": "impermanence",
        "type": "github"
      }
    },
    "nixops": {
      "inputs": {
        "nixpkgs": "nixpkgs_3",
        "utils": "utils"
      },
      "locked": {
        "lastModified": 1628273402,
        "narHash": "sha256-cuTDMOsqlyKzceadt6xHZksdTz7y7iaYglhy73uWAMo=",
        "owner": "NixOS",
        "repo": "nixops",
        "rev": "35ac02085169bc2372834d6be6cf4c1bdf820d09",
        "type": "github"
      },
      "original": {
        "owner": "NixOS",
        "repo": "nixops",
        "type": "github"
      }
    },
    "nixos-21_05": {
      "locked": {
        "lastModified": 1635373256,
        "narHash": "sha256-6QERROygyZN2itA2JUZzhf+o2jfqd6ykJZHQcCAE0r4=",
        "owner": "NixOS",
        "repo": "nixpkgs",
        "rev": "d14d83a3691121642be1b0579cf3408a83c558d7",
        "type": "github"
      },
      "original": {
        "owner": "NixOS",
        "ref": "nixos-21.05",
        "repo": "nixpkgs",
        "type": "github"
      }
    },
    "nixos-21_05-small": {
      "locked": {
        "lastModified": 1635456205,
        "narHash": "sha256-CLZxFvwec8BhFlB5tkIq08UBDNNrijOY780UF6ubJXc=",
        "owner": "NixOS",
        "repo": "nixpkgs",
        "rev": "66d6ec6ed2ddc77d08cf677cc8230db39f051793",
        "type": "github"
      },
      "original": {
        "owner": "NixOS",
        "ref": "nixos-21.05-small",
        "repo": "nixpkgs",
        "type": "github"
      }
    },
    "nixos-unstable": {
      "locked": {
        "lastModified": 1635403963,
        "narHash": "sha256-0actzfzBAXvvDJ/EvPSGbtCPXUwSObQrcq0RpsPWZgA=",
        "owner": "NixOS",
        "repo": "nixpkgs",
        "rev": "2deb07f3ac4eeb5de1c12c4ba2911a2eb1f6ed61",
        "type": "github"
      },
      "original": {
        "owner": "NixOS",
        "ref": "nixos-unstable",
        "repo": "nixpkgs",
        "type": "github"
      }
    },
    "nixos-unstable-small": {
      "locked": {
        "lastModified": 1635414680,
        "narHash": "sha256-NVircjqmJRK1Lg/CMlRiUzIyqG+1qqcSucWAWWVMJfo=",
        "owner": "NixOS",
        "repo": "nixpkgs",
        "rev": "7f3494b3436bbedf8bb9cfe157871e8c1d398225",
        "type": "github"
      },
      "original": {
        "owner": "NixOS",
        "ref": "nixos-unstable-small",
        "repo": "nixpkgs",
        "type": "github"
      }
    },
    "nixpkgs": {
      "locked": {
        "lastModified": 1635469055,
        "narHash": "sha256-qzNrSlVHU7hbLKkN13reL8l+vD8YHislgNFSVUdexpQ=",
        "owner": "NixOS",
        "repo": "nixpkgs",
        "rev": "8d380db0fd47485ba7cd2ae44dd81cca2b93903b",
        "type": "github"
      },
      "original": {
        "id": "nixpkgs",
        "type": "indirect"
      }
    },
    "nixpkgs-unstable": {
      "locked": {
        "lastModified": 1635336330,
        "narHash": "sha256-EPrCZTmuOEY1KLjUCu7rXCBxNemggIFJMDdfEqXQKGo=",
        "owner": "NixOS",
        "repo": "nixpkgs",
        "rev": "51acb65b302551ac7993b437cc6863fe9fa8ae50",
        "type": "github"
      },
      "original": {
        "owner": "NixOS",
        "ref": "nixpkgs-unstable",
        "repo": "nixpkgs",
        "type": "github"
      }
    },
    "nixpkgs_2": {
      "locked": {
        "lastModified": 1627011718,
        "narHash": "sha256-EWoy4pb+4mLSZsNH5m5BjmRjjIHreE4+/J/kESOBCs8=",
        "owner": "NixOS",
        "repo": "nixpkgs",
        "rev": "6c25dfa39a82f4368bfbfe4fcb9a20bd3b8536b1",
        "type": "github"
      },
      "original": {
        "owner": "NixOS",
        "repo": "nixpkgs",
        "type": "github"
      }
    },
    "nixpkgs_3": {
      "locked": {
        "lastModified": 1612282043,
        "narHash": "sha256-MzoN8nI1eydYHuWBAXBcw9Na0XndZHa/VjoxZRWSX68=",
        "owner": "NixOS",
        "repo": "nixpkgs",
        "rev": "fab6fcdceb2560a4ab943830a2b1632458c7a6ff",
        "type": "github"
      },
      "original": {
        "owner": "NixOS",
        "ref": "nixos-unstable",
        "repo": "nixpkgs",
        "type": "github"
      }
    },
    "nixpkgs_4": {
      "locked": {
        "lastModified": 1635470406,
        "narHash": "sha256-wwyjm5XbjoYbTu4+SoTS8Nc+qKteU7ctV8d47ZD2pd4=",
        "owner": "eadwu",
        "repo": "nixpkgs",
        "rev": "12ce7574bc0ef9c4e6eb6bc8c570ea9ed70f2ecb",
        "type": "github"
      },
      "original": {
        "owner": "eadwu",
        "ref": "develop",
        "repo": "nixpkgs",
        "type": "github"
      }
    },
    "pipewire": {
      "flake": false,
      "locked": {
        "host": "gitlab.freedesktop.org",
        "lastModified": 1635413404,
        "narHash": "sha256-On7BpJqIAqhP4cqDDlGEtxatAVE2Pug6XJAmyKPVWQ4=",
        "owner": "pipewire",
        "repo": "pipewire",
        "rev": "0ace131d724d65333aad0b05e1a311515609fe4b",
        "type": "gitlab"
      },
      "original": {
        "host": "gitlab.freedesktop.org",
        "owner": "pipewire",
        "repo": "pipewire",
        "type": "gitlab"
      }
    },
    "plymouth-themes": {
      "flake": false,
      "locked": {
        "lastModified": 1587689763,
        "narHash": "sha256-q3rG4VTzGeWMQIfGRBtoqLnbsrwnhhPpJDvwjwdFlw4=",
        "owner": "eadwu",
        "repo": "plymouth-themes",
        "rev": "79a4e889b2f21ed2a2a2f774c3a1ae1152f1a7e2",
        "type": "github"
      },
      "original": {
        "owner": "eadwu",
        "repo": "plymouth-themes",
        "type": "github"
      }
    },
    "privacy-haters": {
      "flake": false,
      "locked": {
        "lastModified": 1633805489,
        "narHash": "sha256-m4PXe7EFmwOfEA1pHx84IZ3TN+n7DmVxyEj6KoZSM8Y=",
        "ref": "master",
        "rev": "0a265bed481e977b93efa71822a953da984263df",
        "revCount": 13,
        "type": "git",
        "url": "git://r-36.net/privacy-haters"
      },
      "original": {
        "type": "git",
        "url": "git://r-36.net/privacy-haters"
      }
    },
    "quantum-ad-list": {
      "flake": false,
      "locked": {
        "lastModified": 1621510902,
        "narHash": "sha256-a4g9hbqPug6cXevl3iqdGnzpTh9Fb4Mlji9O9BBhFlA=",
        "owner": "The_Quantum_Alpha",
        "repo": "the-quantum-ad-list",
        "rev": "ca62b73847af5b97661749cb3abfdccfccefbb45",
        "type": "gitlab"
      },
      "original": {
        "owner": "The_Quantum_Alpha",
        "repo": "the-quantum-ad-list",
        "type": "gitlab"
      }
    },
    "rolling": {
      "inputs": {
        "dwm": "dwm",
        "eww": "eww",
        "fenix": "fenix",
        "gtk-theme-collections": "gtk-theme-collections",
        "nixpkgs": [
          "external",
          "nixpkgs"
        ],
        "pipewire": "pipewire",
        "st": "st"
      },
      "locked": {
        "lastModified": 1635404881,
        "narHash": "sha256-ykHoGCtr8rhCLt5rFi23/rhahYqiD3EJcPgOmq8cRpA=",
        "owner": "eadwu",
        "repo": "flakes",
        "rev": "b62f7f779cbb035b437097e06bc6a1d7d3041506",
        "type": "github"
      },
      "original": {
        "owner": "eadwu",
        "ref": "rolling",
        "repo": "flakes",
        "type": "github"
      }
    },
    "root": {
      "inputs": {
        "external": "external",
        "flake-compat": "flake-compat_2",
        "home-manager": "home-manager",
        "impermanence": "impermanence",
        "nixos-21_05": "nixos-21_05",
        "nixos-21_05-small": "nixos-21_05-small",
        "nixos-unstable": "nixos-unstable",
        "nixos-unstable-small": "nixos-unstable-small",
        "nixpkgs": "nixpkgs_4",
        "nixpkgs-unstable": "nixpkgs-unstable",
        "rust-overlay": "rust-overlay"
      }
    },
    "rust-analyzer-src": {
      "flake": false,
      "locked": {
        "lastModified": 1635274542,
        "narHash": "sha256-Cew1/WUozM3jalItPuj4cNN8GIFMvCaJ1KXoj6wrHwE=",
        "owner": "rust-analyzer",
        "repo": "rust-analyzer",
        "rev": "dd43f3f2d13a32199828e758ddf13176df1f17f9",
        "type": "github"
      },
      "original": {
        "owner": "rust-analyzer",
        "ref": "nightly",
        "repo": "rust-analyzer",
        "type": "github"
      }
    },
    "rust-overlay": {
      "inputs": {
        "flake-utils": "flake-utils",
        "nixpkgs": [
          "nixpkgs"
        ]
      },
      "locked": {
        "lastModified": 1635387260,
        "narHash": "sha256-8rOGoTZfF066m3OHWl/a1INOGwqeLlx8sSPDPBWjkrs=",
        "owner": "oxalica",
        "repo": "rust-overlay",
        "rev": "1347817f5d8e2cc42e8645015079916d68a884d9",
        "type": "github"
      },
      "original": {
        "owner": "oxalica",
        "repo": "rust-overlay",
        "type": "github"
      }
    },
    "sb-hosts": {
      "flake": false,
      "locked": {
        "lastModified": 1635373162,
        "narHash": "sha256-BMP+Zq5vSCXEd6jHFPYde6o9Q3X8CwZ8gf4isO1FpGM=",
        "owner": "StevenBlack",
        "repo": "hosts",
        "rev": "d367c94d2ac43f86b7c85cbf25d5d710188c4a8d",
        "type": "github"
      },
      "original": {
        "owner": "StevenBlack",
        "repo": "hosts",
        "type": "github"
      }
    },
    "srcs": {
      "inputs": {
        "nixpkgs": [
          "external",
          "nixpkgs"
        ]
      },
      "locked": {
        "lastModified": 1635462802,
        "narHash": "sha256-sK2K9+lLC5eNuHYPi4nrxj4q5H2upHSHN8WW0bX4MJ0=",
        "owner": "eadwu",
        "repo": "flakes",
        "rev": "f11c021bf908b797f4c7ee319c5681ad9bb6cb12",
        "type": "github"
      },
      "original": {
        "owner": "eadwu",
        "ref": "src",
        "repo": "flakes",
        "type": "github"
      }
    },
    "st": {
      "flake": false,
      "locked": {
        "lastModified": 1559519664,
        "narHash": "sha256-NdxIUn/yjqCws3UU7ldpsdVkw7m+SQD5UAVqFcvEMNI=",
        "owner": "eadwu",
        "repo": "st",
        "rev": "df019427f86d0edff5c438becf047fe97a7d50ca",
        "type": "gitlab"
      },
      "original": {
        "owner": "eadwu",
        "ref": "develop",
        "repo": "st",
        "type": "gitlab"
      }
    },
    "uhb-hosts": {
      "flake": false,
      "locked": {
        "lastModified": 1635448538,
        "narHash": "sha256-FxswyqaVvcS/NzsKFY1QnC2Gbmo4KiiujHGAXYSPcZM=",
        "owner": "Ultimate-Hosts-Blacklist",
        "repo": "Ultimate.Hosts.Blacklist",
        "rev": "6608c33a78f0f600edd301389f965cca8a23290c",
        "type": "github"
      },
      "original": {
        "owner": "Ultimate-Hosts-Blacklist",
        "repo": "Ultimate.Hosts.Blacklist",
        "type": "github"
      }
    },
    "utils": {
      "locked": {
        "lastModified": 1610051610,
        "narHash": "sha256-U9rPz/usA1/Aohhk7Cmc2gBrEEKRzcW4nwPWMPwja4Y=",
        "owner": "numtide",
        "repo": "flake-utils",
        "rev": "3982c9903e93927c2164caa727cd3f6a0e6d14cc",
        "type": "github"
      },
      "original": {
        "owner": "numtide",
        "repo": "flake-utils",
        "type": "github"
      }
    }
  },
  "root": "root",
  "version": 7
}
