{
  "nodes": {
    "boxpub": {
      "flake": false,
      "locked": {
        "lastModified": 1588725561,
        "narHash": "sha256-hFNrtDlj7+ueFT8mCHeqe2m7FLNsyooWU9rzwqY8NVc=",
        "owner": "eadwu",
        "repo": "boxpub",
        "rev": "2794126472cd5fbf10ca67bcfeb9a9bf0a7a7d5a",
        "type": "github"
      },
      "original": {
        "owner": "eadwu",
        "ref": "boxpub/2.x",
        "repo": "boxpub",
        "type": "github"
      }
    },
    "cachix": {
      "flake": false,
      "locked": {
        "lastModified": 1586710030,
        "narHash": "sha256-cqaMWQsz7GYr6k82ccVaZ0gxd1EnOQWHU1ShnjFl0FY=",
        "owner": "eadwu",
        "repo": "cachix",
        "rev": "30febae6056980adc470d2ccc834c689eea5f6bf",
        "type": "github"
      },
      "original": {
        "owner": "eadwu",
        "repo": "cachix",
        "type": "github"
      }
    },
    "custom": {
      "inputs": {
        "boxpub": "boxpub",
        "cachix": "cachix",
        "dd-hosts": "dd-hosts",
        "energized-regional": "energized-regional",
        "energized-unified": "energized-unified",
        "nix-linter": "nix-linter",
        "nixops": "nixops",
        "nixpkgs": "nixpkgs_2",
        "plymouth-themes": "plymouth-themes",
        "privacy-haters": "privacy-haters",
        "quantum-ad-list": "quantum-ad-list",
        "sb-hosts": "sb-hosts",
        "someone-who-cares": "someone-who-cares",
        "uhb-hosts": "uhb-hosts"
      },
      "locked": {
        "lastModified": 1608688947,
        "narHash": "sha256-d9PDwsk8rugN3mQmhz4OU9EwLjbmO6NNZp1oWb78tM4=",
        "owner": "eadwu",
        "repo": "flakes",
        "rev": "9d9738dbfac0236687f1c3436024bbbd5e2c5895",
        "type": "github"
      },
      "original": {
        "owner": "eadwu",
        "ref": "custom",
        "repo": "flakes",
        "type": "github"
      }
    },
    "dd-hosts": {
      "flake": false,
      "locked": {
        "lastModified": 1608685516,
        "narHash": "sha256-iL0zgpfs/jTgb/lXzIKvMhTmB5ql94Y7RPYdRSucIe4=",
        "owner": "lightswitch05",
        "repo": "hosts",
        "rev": "1036c9098d2b3f0f77868a1c9dddcf35c1a3c18e",
        "type": "github"
      },
      "original": {
        "owner": "lightswitch05",
        "repo": "hosts",
        "type": "github"
      }
    },
    "dwm": {
      "flake": false,
      "locked": {
        "lastModified": 1584925500,
        "narHash": "sha256-ElU41YQgXsCEbKZuIEwGHeBEqRs8xIZwUT1ZGExAauQ=",
        "owner": "eadwu",
        "repo": "dwm",
        "rev": "991663dae7e73322cd87b98bc723e3f3c360c536",
        "type": "gitlab"
      },
      "original": {
        "owner": "eadwu",
        "ref": "develop",
        "repo": "dwm",
        "type": "gitlab"
      }
    },
    "energized-regional": {
      "flake": false,
      "locked": {
        "narHash": "sha256-7lpazNlktvCfxkf+5L8Y4/peHOYrFLhyMCBzOcYbU1c=",
        "type": "file",
        "url": "https://block.energized.pro/extensions/regional/formats/hosts"
      },
      "original": {
        "type": "file",
        "url": "https://block.energized.pro/extensions/regional/formats/hosts"
      }
    },
    "energized-unified": {
      "flake": false,
      "locked": {
        "narHash": "sha256-+NJ5PIj/I1iwEq958tmZ2Ik5dz9fK9B4I484rAOEhl8=",
        "type": "file",
        "url": "https://block.energized.pro/unified/formats/hosts"
      },
      "original": {
        "type": "file",
        "url": "https://block.energized.pro/unified/formats/hosts"
      }
    },
    "external": {
      "inputs": {
        "custom": "custom",
        "nixpkgs": [
          "nixpkgs"
        ],
        "rolling": "rolling"
      },
      "locked": {
        "lastModified": 1605565976,
        "narHash": "sha256-p68D40ulZg1cXRtAJQPdvq0/7b9KqxAQ+Sq4Hl7Kd9I=",
        "owner": "eadwu",
        "repo": "flakes",
        "rev": "acd86e655abcce034b5dbb5de060cdd07d868360",
        "type": "github"
      },
      "original": {
        "owner": "eadwu",
        "repo": "flakes",
        "type": "github"
      }
    },
    "gtk-theme-collections": {
      "flake": false,
      "locked": {
        "lastModified": 1544870172,
        "narHash": "sha256-iysMQSwN23iPbcswZkX+oxi7KM2BDuEfd3l0PFxeD3U=",
        "owner": "addy-dclxvi",
        "repo": "gtk-theme-collections",
        "rev": "653687130a549a402528501f148db58a66a3ef7c",
        "type": "github"
      },
      "original": {
        "owner": "addy-dclxvi",
        "repo": "gtk-theme-collections",
        "type": "github"
      }
    },
    "home-manager": {
      "inputs": {
        "nixpkgs": [
          "nixpkgs"
        ]
      },
      "locked": {
        "lastModified": 1608681543,
        "narHash": "sha256-6YNP8GBG0nhqLMQVkCBxRirTYaaGhI8gKCwgcJ5+sLc=",
        "owner": "nix-community",
        "repo": "home-manager",
        "rev": "3627ec4de58d7fbda13c82dfec94eace10198f23",
        "type": "github"
      },
      "original": {
        "owner": "nix-community",
        "repo": "home-manager",
        "type": "github"
      }
    },
    "impermanence": {
      "locked": {
        "lastModified": 1607963610,
        "narHash": "sha256-GbThFdlYfh9ujQjXX6Ngn88s2ALd1aepKsbxj0lgm28=",
        "owner": "nix-community",
        "repo": "impermanence",
        "rev": "2cda5cd30bc7c56240a1a91ec8d44c6d5222ee17",
        "type": "github"
      },
      "original": {
        "owner": "nix-community",
        "repo": "impermanence",
        "type": "github"
      }
    },
    "nix-linter": {
      "flake": false,
      "locked": {
        "lastModified": 1586709851,
        "narHash": "sha256-idOz72Ac45ZoBuHmT8wScgp5I50VpYbUfbnVgYGr31c=",
        "owner": "eadwu",
        "repo": "nix-linter",
        "rev": "d20e56a71350d24293bed5c35828c093cd437119",
        "type": "github"
      },
      "original": {
        "owner": "eadwu",
        "repo": "nix-linter",
        "type": "github"
      }
    },
    "nixops": {
      "inputs": {
        "nixpkgs": "nixpkgs",
        "utils": "utils"
      },
      "locked": {
        "lastModified": 1606538097,
        "narHash": "sha256-Et41B2W5w/rvSDnoK5ZxemgplMgt0dEkNJKptILqswE=",
        "owner": "NixOS",
        "repo": "nixops",
        "rev": "faed0635d24e93f38046af58fb7715327de28e39",
        "type": "github"
      },
      "original": {
        "owner": "NixOS",
        "repo": "nixops",
        "type": "github"
      }
    },
    "nixos-stable": {
      "locked": {
        "lastModified": 1608560866,
        "narHash": "sha256-pUEPHLXHOeFdpyw3TENsRiSyMrFGrBTAgTInv7IeFqo=",
        "owner": "NixOS",
        "repo": "nixpkgs",
        "rev": "a3a3dda3bacf61e8a39258a0ed9c924eeca8e293",
        "type": "github"
      },
      "original": {
        "owner": "NixOS",
        "ref": "nixos-20.09",
        "repo": "nixpkgs",
        "type": "github"
      }
    },
    "nixos-unstable": {
      "locked": {
        "lastModified": 1607522989,
        "narHash": "sha256-o/jWhOSAlaK7y2M57OIriRt6whuVVocS/T0mG7fd1TI=",
        "owner": "NixOS",
        "repo": "nixpkgs",
        "rev": "e9158eca70ae59e73fae23be5d13d3fa0cfc78b4",
        "type": "github"
      },
      "original": {
        "owner": "NixOS",
        "ref": "nixos-unstable",
        "repo": "nixpkgs",
        "type": "github"
      }
    },
    "nixpkgs": {
      "locked": {
        "lastModified": 1593886469,
        "narHash": "sha256-it7gY5BmUcDr09dUsE6VPnUsSCeBUtU/GfUwqs6twDc=",
        "owner": "NixOS",
        "repo": "nixpkgs",
        "rev": "dc80d7bc4a244120b3d766746c41c0d9c5f81dfa",
        "type": "github"
      },
      "original": {
        "owner": "NixOS",
        "ref": "nixos-unstable",
        "repo": "nixpkgs",
        "type": "github"
      }
    },
    "nixpkgs-mozilla": {
      "flake": false,
      "locked": {
        "lastModified": 1603906276,
        "narHash": "sha256-RsNPnEKd7BcogwkqhaV5kI/HuNC4flH/OQCC/4W5y/8=",
        "owner": "mozilla",
        "repo": "nixpkgs-mozilla",
        "rev": "8c007b60731c07dd7a052cce508de3bb1ae849b4",
        "type": "github"
      },
      "original": {
        "owner": "mozilla",
        "repo": "nixpkgs-mozilla",
        "type": "github"
      }
    },
    "nixpkgs-unstable": {
      "locked": {
        "lastModified": 1608654898,
        "narHash": "sha256-f3cNDI9l15mz3o8yMf6BCltSY1sZhsSaLd81Qdjvics=",
        "owner": "NixOS",
        "repo": "nixpkgs",
        "rev": "39fe2fc4dc46fbc030c8b4e39da8a6afba4d4823",
        "type": "github"
      },
      "original": {
        "owner": "NixOS",
        "ref": "nixpkgs-unstable",
        "repo": "nixpkgs",
        "type": "github"
      }
    },
    "nixpkgs_2": {
      "locked": {
        "lastModified": 1608689020,
        "narHash": "sha256-65u7M1/+YwDiS9eszIBWN7iT7goqANl0BkS553wlUO8=",
        "owner": "eadwu",
        "repo": "nixpkgs",
        "rev": "005e5dc7f18999f182f8947de22db6c9b5627e14",
        "type": "github"
      },
      "original": {
        "owner": "eadwu",
        "ref": "develop",
        "repo": "nixpkgs",
        "type": "github"
      }
    },
    "nixpkgs_3": {
      "locked": {
        "lastModified": 1608685776,
        "narHash": "sha256-9sQz3kGzrlyQqL0Hy7NRpnSOETbNpiBRAf/zRtIArno=",
        "owner": "NixOS",
        "repo": "nixpkgs",
        "rev": "a1fb1e9ef855a84c89a5ef419dde18300dcbb336",
        "type": "github"
      },
      "original": {
        "id": "nixpkgs",
        "type": "indirect"
      }
    },
    "nixpkgs_4": {
      "locked": {
        "lastModified": 1608689020,
        "narHash": "sha256-65u7M1/+YwDiS9eszIBWN7iT7goqANl0BkS553wlUO8=",
        "owner": "eadwu",
        "repo": "nixpkgs",
        "rev": "005e5dc7f18999f182f8947de22db6c9b5627e14",
        "type": "github"
      },
      "original": {
        "owner": "eadwu",
        "ref": "develop",
        "repo": "nixpkgs",
        "type": "github"
      }
    },
    "pipewire": {
      "flake": false,
      "locked": {
        "host": "gitlab.freedesktop.org",
        "lastModified": 1608639132,
        "narHash": "sha256-2QRynV67AlBJS9y1DYoR9jVyVQD++KbhMXArU/J24vE=",
        "owner": "pipewire",
        "repo": "pipewire",
        "rev": "d7a2b569e4461eeba1624cc07698a0cea5c19d85",
        "type": "gitlab"
      },
      "original": {
        "host": "gitlab.freedesktop.org",
        "owner": "pipewire",
        "repo": "pipewire",
        "type": "gitlab"
      }
    },
    "plymouth-themes": {
      "flake": false,
      "locked": {
        "lastModified": 1587689763,
        "narHash": "sha256-q3rG4VTzGeWMQIfGRBtoqLnbsrwnhhPpJDvwjwdFlw4=",
        "owner": "eadwu",
        "repo": "plymouth-themes",
        "rev": "79a4e889b2f21ed2a2a2f774c3a1ae1152f1a7e2",
        "type": "github"
      },
      "original": {
        "owner": "eadwu",
        "repo": "plymouth-themes",
        "type": "github"
      }
    },
    "privacy-haters": {
      "flake": false,
      "locked": {
        "lastModified": 1592725867,
        "narHash": "sha256-SmkkUbKTWCJETeNoxY9ch0/APe2zCStfA6/+4jLxk1Q=",
        "ref": "master",
        "rev": "6008a2a699ca07d3bed0354e62ca9e7f2334370c",
        "revCount": 9,
        "type": "git",
        "url": "git://r-36.net/privacy-haters"
      },
      "original": {
        "type": "git",
        "url": "git://r-36.net/privacy-haters"
      }
    },
    "quantum-ad-list": {
      "flake": false,
      "locked": {
        "lastModified": 1608589138,
        "narHash": "sha256-qPqXesRsChzcRAAQHBN1jXn2V2gwdF09h6nprJp61X8=",
        "owner": "The_Quantum_Alpha",
        "repo": "the-quantum-ad-list",
        "rev": "8e107e3c5b3ebec769c202a5fbc21a3e5e39eb31",
        "type": "gitlab"
      },
      "original": {
        "owner": "The_Quantum_Alpha",
        "repo": "the-quantum-ad-list",
        "type": "gitlab"
      }
    },
    "rolling": {
      "inputs": {
        "dwm": "dwm",
        "gtk-theme-collections": "gtk-theme-collections",
        "nixpkgs": "nixpkgs_3",
        "nixpkgs-mozilla": "nixpkgs-mozilla",
        "pipewire": "pipewire",
        "st": "st"
      },
      "locked": {
        "lastModified": 1608683274,
        "narHash": "sha256-kBw7aMACSxm9K8du5kctN0NOifs2YzeF5P1IXuKqwOU=",
        "owner": "eadwu",
        "repo": "flakes",
        "rev": "06e4653785bd3ed79b2a807d2b39ebfd40cd90f2",
        "type": "github"
      },
      "original": {
        "owner": "eadwu",
        "ref": "rolling",
        "repo": "flakes",
        "type": "github"
      }
    },
    "root": {
      "inputs": {
        "external": "external",
        "home-manager": "home-manager",
        "impermanence": "impermanence",
        "nixos-stable": "nixos-stable",
        "nixos-unstable": "nixos-unstable",
        "nixpkgs": "nixpkgs_4",
        "nixpkgs-unstable": "nixpkgs-unstable"
      }
    },
    "sb-hosts": {
      "flake": false,
      "locked": {
        "lastModified": 1608614766,
        "narHash": "sha256-8WVEvpxxvxmOpP1XVgO2GFAbEHO1QileWZ3behpgYEs=",
        "owner": "StevenBlack",
        "repo": "hosts",
        "rev": "a204d5a1e9049dd12378fa5f9c5ab3fc6bf3d63e",
        "type": "github"
      },
      "original": {
        "owner": "StevenBlack",
        "repo": "hosts",
        "type": "github"
      }
    },
    "someone-who-cares": {
      "flake": false,
      "locked": {
        "narHash": "sha256-/MTBsqqz7I399TwG2WuH2LQ6jqaxD9wIx9OSwCRmFOQ=",
        "type": "file",
        "url": "https://someonewhocares.org/hosts/hosts"
      },
      "original": {
        "type": "file",
        "url": "https://someonewhocares.org/hosts/hosts"
      }
    },
    "st": {
      "flake": false,
      "locked": {
        "lastModified": 1559519664,
        "narHash": "sha256-NdxIUn/yjqCws3UU7ldpsdVkw7m+SQD5UAVqFcvEMNI=",
        "owner": "eadwu",
        "repo": "st",
        "rev": "df019427f86d0edff5c438becf047fe97a7d50ca",
        "type": "gitlab"
      },
      "original": {
        "owner": "eadwu",
        "ref": "develop",
        "repo": "st",
        "type": "gitlab"
      }
    },
    "uhb-hosts": {
      "flake": false,
      "locked": {
        "lastModified": 1608672803,
        "narHash": "sha256-bXw2tbSVWjoq6RfmEB5696fFOpVX1RSENc0+36xz2yo=",
        "owner": "Ultimate-Hosts-Blacklist",
        "repo": "Ultimate.Hosts.Blacklist",
        "rev": "b950e2edecf71c3fb8b5cf412f1af30328bcabf5",
        "type": "github"
      },
      "original": {
        "owner": "Ultimate-Hosts-Blacklist",
        "repo": "Ultimate.Hosts.Blacklist",
        "type": "github"
      }
    },
    "utils": {
      "locked": {
        "lastModified": 1594123299,
        "narHash": "sha256-zxjtMmOV93pIVG242RpEXu14w/13XYDo3ygMoRIJg4c=",
        "owner": "numtide",
        "repo": "flake-utils",
        "rev": "590d6d1badea1956a31480a0cba1d8d029cf45d3",
        "type": "github"
      },
      "original": {
        "owner": "numtide",
        "repo": "flake-utils",
        "type": "github"
      }
    }
  },
  "root": "root",
  "version": 7
}
