{
  "nodes": {
    "boxpub": {
      "flake": false,
      "locked": {
        "lastModified": 1588725561,
        "narHash": "sha256-hFNrtDlj7+ueFT8mCHeqe2m7FLNsyooWU9rzwqY8NVc=",
        "owner": "eadwu",
        "repo": "boxpub",
        "rev": "2794126472cd5fbf10ca67bcfeb9a9bf0a7a7d5a",
        "type": "github"
      },
      "original": {
        "owner": "eadwu",
        "ref": "boxpub/2.x",
        "repo": "boxpub",
        "type": "github"
      }
    },
    "custom": {
      "inputs": {
        "boxpub": "boxpub",
        "dd-hosts": "dd-hosts",
        "emacs-overlay": "emacs-overlay",
        "flakes-srcs": "flakes-srcs",
        "imperial": "imperial",
        "nixops": "nixops",
        "nixpkgs": [
          "external",
          "nixpkgs"
        ],
        "plymouth-themes": "plymouth-themes",
        "privacy-haters": "privacy-haters",
        "sb-hosts": "sb-hosts",
        "uhb-hosts": "uhb-hosts"
      },
      "locked": {
        "lastModified": 1646968155,
        "narHash": "sha256-wQOSv7hyguDyymXmt/sfiPu1bk8HXLJc/4DURljiT+E=",
        "owner": "eadwu",
        "repo": "flakes",
        "rev": "8813654e14af2a845352364d1e7965983a021574",
        "type": "github"
      },
      "original": {
        "owner": "eadwu",
        "ref": "custom",
        "repo": "flakes",
        "type": "github"
      }
    },
    "dd-hosts": {
      "flake": false,
      "locked": {
        "lastModified": 1647306325,
        "narHash": "sha256-/phwvSukMzdLIb7m7kZn23v7fbC+Q/BVLH6HKyxFBxo=",
        "owner": "lightswitch05",
        "repo": "hosts",
        "rev": "44aeb01ff55e6ba53bbfc2da2ac76fd84dfd243d",
        "type": "github"
      },
      "original": {
        "owner": "lightswitch05",
        "repo": "hosts",
        "type": "github"
      }
    },
    "dwm": {
      "flake": false,
      "locked": {
        "lastModified": 1584925500,
        "narHash": "sha256-ElU41YQgXsCEbKZuIEwGHeBEqRs8xIZwUT1ZGExAauQ=",
        "owner": "eadwu",
        "repo": "dwm",
        "rev": "991663dae7e73322cd87b98bc723e3f3c360c536",
        "type": "gitlab"
      },
      "original": {
        "owner": "eadwu",
        "ref": "develop",
        "repo": "dwm",
        "type": "gitlab"
      }
    },
    "emacs-overlay": {
      "locked": {
        "lastModified": 1647278380,
        "narHash": "sha256-Y/lf48zNKB0eCxfWkmR5izqSTgW1sLW40zZwS/4HtDA=",
        "owner": "nix-community",
        "repo": "emacs-overlay",
        "rev": "0985a6dfa8918641e7c0bc7d86254c46bc103d2a",
        "type": "github"
      },
      "original": {
        "owner": "nix-community",
        "repo": "emacs-overlay",
        "type": "github"
      }
    },
    "eww": {
      "flake": false,
      "locked": {
        "lastModified": 1644916672,
        "narHash": "sha256-oAbB9aW/nqg02peqGEfETOGgeXarI6ZcAZ6DzDXbOSE=",
        "owner": "elkowar",
        "repo": "eww",
        "rev": "fb0e57a0149904e76fb33807a2804d4af82350de",
        "type": "github"
      },
      "original": {
        "owner": "elkowar",
        "repo": "eww",
        "type": "github"
      }
    },
    "external": {
      "inputs": {
        "custom": "custom",
        "nixpkgs": [
          "nixpkgs"
        ],
        "rolling": "rolling",
        "srcs": "srcs"
      },
      "locked": {
        "lastModified": 1624912618,
        "narHash": "sha256-iYh5zjHr3RKBVSJ4VhJ+Z/E58ut3C0z4khFOW3Ixgjg=",
        "owner": "eadwu",
        "repo": "flakes",
        "rev": "56361032696375eec296f3b6db36ca7c307c70c6",
        "type": "github"
      },
      "original": {
        "owner": "eadwu",
        "repo": "flakes",
        "type": "github"
      }
    },
    "fenix": {
      "inputs": {
        "nixpkgs": [
          "external",
          "rolling",
          "nixpkgs"
        ],
        "rust-analyzer-src": "rust-analyzer-src"
      },
      "locked": {
        "lastModified": 1647239177,
        "narHash": "sha256-FYuHmN4/K6JTAShgU7TZF7PjpkDkxspnXv2YigTMgwM=",
        "owner": "nix-community",
        "repo": "fenix",
        "rev": "8c789f87420da66ebb6214892d5c0c013b0b2486",
        "type": "github"
      },
      "original": {
        "owner": "nix-community",
        "repo": "fenix",
        "type": "github"
      }
    },
    "flake-compat": {
      "flake": false,
      "locked": {
        "lastModified": 1606424373,
        "narHash": "sha256-oq8d4//CJOrVj+EcOaSXvMebvuTkmBJuT5tzlfewUnQ=",
        "owner": "edolstra",
        "repo": "flake-compat",
        "rev": "99f1c2157fba4bfe6211a321fd0ee43199025dbf",
        "type": "github"
      },
      "original": {
        "owner": "edolstra",
        "repo": "flake-compat",
        "type": "github"
      }
    },
    "flake-compat_2": {
      "flake": false,
      "locked": {
        "lastModified": 1641205782,
        "narHash": "sha256-4jY7RCWUoZ9cKD8co0/4tFARpWB+57+r1bLLvXNJliY=",
        "owner": "edolstra",
        "repo": "flake-compat",
        "rev": "b7547d3eed6f32d06102ead8991ec52ab0a4f1a7",
        "type": "github"
      },
      "original": {
        "owner": "edolstra",
        "repo": "flake-compat",
        "type": "github"
      }
    },
    "flake-utils": {
      "locked": {
        "lastModified": 1637014545,
        "narHash": "sha256-26IZAc5yzlD9FlDT54io1oqG/bBoyka+FJk5guaX4x4=",
        "owner": "numtide",
        "repo": "flake-utils",
        "rev": "bba5dcc8e0b20ab664967ad83d24d64cb64ec4f4",
        "type": "github"
      },
      "original": {
        "owner": "numtide",
        "repo": "flake-utils",
        "type": "github"
      }
    },
    "flakes-srcs": {
      "inputs": {
        "nixpkgs": "nixpkgs"
      },
      "locked": {
        "lastModified": 1647299527,
        "narHash": "sha256-fLnYqbM9NgFE7xVvlVNjawttdsQrJwJivP1MoKNKC8o=",
        "owner": "eadwu",
        "repo": "flakes",
        "rev": "6716d4921cd04c95ee5104b5ed0d9aec60040644",
        "type": "github"
      },
      "original": {
        "owner": "eadwu",
        "ref": "src",
        "repo": "flakes",
        "type": "github"
      }
    },
    "gtk-theme-collections": {
      "flake": false,
      "locked": {
        "lastModified": 1544870172,
        "narHash": "sha256-iysMQSwN23iPbcswZkX+oxi7KM2BDuEfd3l0PFxeD3U=",
        "owner": "addy-dclxvi",
        "repo": "gtk-theme-collections",
        "rev": "653687130a549a402528501f148db58a66a3ef7c",
        "type": "github"
      },
      "original": {
        "owner": "addy-dclxvi",
        "repo": "gtk-theme-collections",
        "type": "github"
      }
    },
    "home-manager": {
      "inputs": {
        "nixpkgs": [
          "nixpkgs"
        ]
      },
      "locked": {
        "lastModified": 1647210221,
        "narHash": "sha256-mUWwEq+ReRQjIqj28ClqmBDyKV4fr6C5ufqlXLzZFsk=",
        "owner": "nix-community",
        "repo": "home-manager",
        "rev": "8eb7c009f09f1f7b1ec151e5d537104acf42213a",
        "type": "github"
      },
      "original": {
        "owner": "nix-community",
        "repo": "home-manager",
        "type": "github"
      }
    },
    "imperial": {
      "inputs": {
        "flake-compat": "flake-compat",
        "nixpkgs": "nixpkgs_2"
      },
      "locked": {
        "lastModified": 1628805265,
        "narHash": "sha256-92w/yOQf3hV7L9z2O/eEoOt0cqKUuHhEzKO1FSrAssU=",
        "owner": "eadwu",
        "repo": "imperial",
        "rev": "66e20f3b5a6a4f2e1b3186b1aa1ddfeb4bb057ea",
        "type": "github"
      },
      "original": {
        "owner": "eadwu",
        "repo": "imperial",
        "type": "github"
      }
    },
    "impermanence": {
      "locked": {
        "lastModified": 1646131459,
        "narHash": "sha256-GPmgxvUFvQ1GmsGfWHy9+rcxWrczeDhS9XnAIPHi9XQ=",
        "owner": "nix-community",
        "repo": "impermanence",
        "rev": "2f39baeb7d039fda5fc8225111bb79474138e6f4",
        "type": "github"
      },
      "original": {
        "owner": "nix-community",
        "repo": "impermanence",
        "type": "github"
      }
    },
    "nixops": {
      "inputs": {
        "nixpkgs": "nixpkgs_3",
        "utils": "utils"
      },
      "locked": {
        "lastModified": 1646997311,
        "narHash": "sha256-mpEXsFcd64x3gDrEtw0DppB9MI2IWVN0f2jJzYrgLKU=",
        "owner": "NixOS",
        "repo": "nixops",
        "rev": "7220cbdc8a1cf2db5b3ad75b525faf145a5560a3",
        "type": "github"
      },
      "original": {
        "owner": "NixOS",
        "repo": "nixops",
        "type": "github"
      }
    },
    "nixos-21_11": {
      "locked": {
        "lastModified": 1647122627,
        "narHash": "sha256-w4hGsXYyMgJAQRSBxh7O6AAsawJSbudCxfQXhDRhwPQ=",
        "owner": "NixOS",
        "repo": "nixpkgs",
        "rev": "0f85665118d850aae5164d385d24783d0b16cf1b",
        "type": "github"
      },
      "original": {
        "owner": "NixOS",
        "ref": "nixos-21.11",
        "repo": "nixpkgs",
        "type": "github"
      }
    },
    "nixos-21_11-small": {
      "locked": {
        "lastModified": 1647282937,
        "narHash": "sha256-K8Oo6QyFCfiEWTRpQVfzcwI3YNMKlz6Tu8rr+o3rzRQ=",
        "owner": "NixOS",
        "repo": "nixpkgs",
        "rev": "64fc73bd74f04d3e10cb4e70e1c65b92337e76db",
        "type": "github"
      },
      "original": {
        "owner": "NixOS",
        "ref": "nixos-21.11-small",
        "repo": "nixpkgs",
        "type": "github"
      }
    },
    "nixos-unstable": {
      "locked": {
        "lastModified": 1647125019,
        "narHash": "sha256-PXA76/iIqtbrA0ydCyc7Wpdw7TQTnfEowM87YtTXfB4=",
        "owner": "NixOS",
        "repo": "nixpkgs",
        "rev": "b0e141e3fe13ec21f50429773d2e3890e02a80da",
        "type": "github"
      },
      "original": {
        "owner": "NixOS",
        "ref": "nixos-unstable",
        "repo": "nixpkgs",
        "type": "github"
      }
    },
    "nixos-unstable-small": {
      "locked": {
        "lastModified": 1647291210,
        "narHash": "sha256-O1xLCz3RmXcyBmr1Et/N9SH9Y69CqNv5TFsrdhprwC4=",
        "owner": "NixOS",
        "repo": "nixpkgs",
        "rev": "3239fd2b8f728106491154b44625662e10259af2",
        "type": "github"
      },
      "original": {
        "owner": "NixOS",
        "ref": "nixos-unstable-small",
        "repo": "nixpkgs",
        "type": "github"
      }
    },
    "nixpkgs": {
      "locked": {
        "lastModified": 1647291210,
        "narHash": "sha256-O1xLCz3RmXcyBmr1Et/N9SH9Y69CqNv5TFsrdhprwC4=",
        "owner": "NixOS",
        "repo": "nixpkgs",
        "rev": "3239fd2b8f728106491154b44625662e10259af2",
        "type": "github"
      },
      "original": {
        "id": "nixpkgs",
        "type": "indirect"
      }
    },
    "nixpkgs-unstable": {
      "locked": {
        "lastModified": 1647291210,
        "narHash": "sha256-O1xLCz3RmXcyBmr1Et/N9SH9Y69CqNv5TFsrdhprwC4=",
        "owner": "NixOS",
        "repo": "nixpkgs",
        "rev": "3239fd2b8f728106491154b44625662e10259af2",
        "type": "github"
      },
      "original": {
        "owner": "NixOS",
        "ref": "nixpkgs-unstable",
        "repo": "nixpkgs",
        "type": "github"
      }
    },
    "nixpkgs_2": {
      "locked": {
        "lastModified": 1627011718,
        "narHash": "sha256-EWoy4pb+4mLSZsNH5m5BjmRjjIHreE4+/J/kESOBCs8=",
        "owner": "NixOS",
        "repo": "nixpkgs",
        "rev": "6c25dfa39a82f4368bfbfe4fcb9a20bd3b8536b1",
        "type": "github"
      },
      "original": {
        "owner": "NixOS",
        "repo": "nixpkgs",
        "type": "github"
      }
    },
    "nixpkgs_3": {
      "locked": {
        "lastModified": 1612282043,
        "narHash": "sha256-MzoN8nI1eydYHuWBAXBcw9Na0XndZHa/VjoxZRWSX68=",
        "owner": "NixOS",
        "repo": "nixpkgs",
        "rev": "fab6fcdceb2560a4ab943830a2b1632458c7a6ff",
        "type": "github"
      },
      "original": {
        "owner": "NixOS",
        "ref": "nixos-unstable",
        "repo": "nixpkgs",
        "type": "github"
      }
    },
    "nixpkgs_4": {
      "locked": {
        "lastModified": 1647307021,
        "narHash": "sha256-AJXGxYbCSFEMN7YxzEWqgcJFd9IkcHZqU3UWNuo8HHI=",
        "owner": "eadwu",
        "repo": "nixpkgs",
        "rev": "5569f205af67bf78fd9bb77d0f21f7fafcf266e5",
        "type": "github"
      },
      "original": {
        "owner": "eadwu",
        "ref": "develop",
        "repo": "nixpkgs",
        "type": "github"
      }
    },
    "pipewire": {
      "flake": false,
      "locked": {
        "host": "gitlab.freedesktop.org",
        "lastModified": 1647268387,
        "narHash": "sha256-X5KvCrAlYSB3bw4NO4o5F82LWE+jkdVQxvGjO2/pqPs=",
        "owner": "pipewire",
        "repo": "pipewire",
        "rev": "bc5b486cb92e0c665891d6ddcfc09cd8be44770f",
        "type": "gitlab"
      },
      "original": {
        "host": "gitlab.freedesktop.org",
        "owner": "pipewire",
        "repo": "pipewire",
        "type": "gitlab"
      }
    },
    "plymouth-themes": {
      "flake": false,
      "locked": {
        "lastModified": 1587689763,
        "narHash": "sha256-q3rG4VTzGeWMQIfGRBtoqLnbsrwnhhPpJDvwjwdFlw4=",
        "owner": "eadwu",
        "repo": "plymouth-themes",
        "rev": "79a4e889b2f21ed2a2a2f774c3a1ae1152f1a7e2",
        "type": "github"
      },
      "original": {
        "owner": "eadwu",
        "repo": "plymouth-themes",
        "type": "github"
      }
    },
    "privacy-haters": {
      "flake": false,
      "locked": {
        "lastModified": 1633805489,
        "narHash": "sha256-m4PXe7EFmwOfEA1pHx84IZ3TN+n7DmVxyEj6KoZSM8Y=",
        "ref": "master",
        "rev": "0a265bed481e977b93efa71822a953da984263df",
        "revCount": 13,
        "type": "git",
        "url": "git://r-36.net/privacy-haters"
      },
      "original": {
        "type": "git",
        "url": "git://r-36.net/privacy-haters"
      }
    },
    "rolling": {
      "inputs": {
        "dwm": "dwm",
        "eww": "eww",
        "fenix": "fenix",
        "gtk-theme-collections": "gtk-theme-collections",
        "nixpkgs": [
          "external",
          "nixpkgs"
        ],
        "pipewire": "pipewire",
        "st": "st",
        "wireplumber": "wireplumber"
      },
      "locked": {
        "lastModified": 1647241806,
        "narHash": "sha256-LVCfeC3wd6HOh5NfrF+HcImuQai1b0AH1HZgvw3VCuQ=",
        "owner": "eadwu",
        "repo": "flakes",
        "rev": "059919d9b587ff2deb8c9530c82d95e8c89d2763",
        "type": "github"
      },
      "original": {
        "owner": "eadwu",
        "ref": "rolling",
        "repo": "flakes",
        "type": "github"
      }
    },
    "root": {
      "inputs": {
        "external": "external",
        "flake-compat": "flake-compat_2",
        "home-manager": "home-manager",
        "impermanence": "impermanence",
        "nixos-21_11": "nixos-21_11",
        "nixos-21_11-small": "nixos-21_11-small",
        "nixos-unstable": "nixos-unstable",
        "nixos-unstable-small": "nixos-unstable-small",
        "nixpkgs": "nixpkgs_4",
        "nixpkgs-unstable": "nixpkgs-unstable",
        "rust-overlay": "rust-overlay"
      }
    },
    "rust-analyzer-src": {
      "flake": false,
      "locked": {
        "lastModified": 1647163555,
        "narHash": "sha256-Ivq9ZlzoNwkVSiKVj7CO2m6+/QhCxPNfgN4NnBnfaec=",
        "owner": "rust-analyzer",
        "repo": "rust-analyzer",
        "rev": "5e8515870674983cce5b945946045bc1e9b80200",
        "type": "github"
      },
      "original": {
        "owner": "rust-analyzer",
        "ref": "nightly",
        "repo": "rust-analyzer",
        "type": "github"
      }
    },
    "rust-overlay": {
      "inputs": {
        "flake-utils": "flake-utils",
        "nixpkgs": [
          "nixpkgs"
        ]
      },
      "locked": {
        "lastModified": 1644892557,
        "narHash": "sha256-z4iE8n2d846imTaOissT78wEEa3GvnhAmTJzpJgUduM=",
        "owner": "oxalica",
        "repo": "rust-overlay",
        "rev": "6d50a4f52d517a53cf740a9746f4e226ac17cf6a",
        "type": "github"
      },
      "original": {
        "owner": "oxalica",
        "ref": "6d50a4f52d517a53cf740a9746f4e226ac17cf6a",
        "repo": "rust-overlay",
        "type": "github"
      }
    },
    "sb-hosts": {
      "flake": false,
      "locked": {
        "lastModified": 1647293326,
        "narHash": "sha256-SaMBb51bRS6oWrO6EVxSdhorVy8pJz+Dpc8CHL1sGHU=",
        "owner": "StevenBlack",
        "repo": "hosts",
        "rev": "b3f0b8a29ab81d37c38aeed4748a56958f330165",
        "type": "github"
      },
      "original": {
        "owner": "StevenBlack",
        "repo": "hosts",
        "type": "github"
      }
    },
    "srcs": {
      "inputs": {
        "nixpkgs": [
          "external",
          "nixpkgs"
        ]
      },
      "locked": {
        "lastModified": 1647299527,
        "narHash": "sha256-fLnYqbM9NgFE7xVvlVNjawttdsQrJwJivP1MoKNKC8o=",
        "owner": "eadwu",
        "repo": "flakes",
        "rev": "6716d4921cd04c95ee5104b5ed0d9aec60040644",
        "type": "github"
      },
      "original": {
        "owner": "eadwu",
        "ref": "src",
        "repo": "flakes",
        "type": "github"
      }
    },
    "st": {
      "flake": false,
      "locked": {
        "lastModified": 1559519664,
        "narHash": "sha256-NdxIUn/yjqCws3UU7ldpsdVkw7m+SQD5UAVqFcvEMNI=",
        "owner": "eadwu",
        "repo": "st",
        "rev": "df019427f86d0edff5c438becf047fe97a7d50ca",
        "type": "gitlab"
      },
      "original": {
        "owner": "eadwu",
        "ref": "develop",
        "repo": "st",
        "type": "gitlab"
      }
    },
    "uhb-hosts": {
      "flake": false,
      "locked": {
        "lastModified": 1647285632,
        "narHash": "sha256-QuCsGvmRDhwDSs8/8d06PGB0r3A2rm4nV6t7GyEwELo=",
        "owner": "Ultimate-Hosts-Blacklist",
        "repo": "Ultimate.Hosts.Blacklist",
        "rev": "52f5a495f5c1782f8649a3a78b6a38fd15d5ba82",
        "type": "github"
      },
      "original": {
        "owner": "Ultimate-Hosts-Blacklist",
        "repo": "Ultimate.Hosts.Blacklist",
        "type": "github"
      }
    },
    "utils": {
      "locked": {
        "lastModified": 1610051610,
        "narHash": "sha256-U9rPz/usA1/Aohhk7Cmc2gBrEEKRzcW4nwPWMPwja4Y=",
        "owner": "numtide",
        "repo": "flake-utils",
        "rev": "3982c9903e93927c2164caa727cd3f6a0e6d14cc",
        "type": "github"
      },
      "original": {
        "owner": "numtide",
        "repo": "flake-utils",
        "type": "github"
      }
    },
    "wireplumber": {
      "flake": false,
      "locked": {
        "host": "gitlab.freedesktop.org",
        "lastModified": 1646747010,
        "narHash": "sha256-caqidBl02RHCtmsguqsiaLtkhomZFzXYLFyX8eBO0qY=",
        "owner": "pipewire",
        "repo": "wireplumber",
        "rev": "538976b54aef7603c4912eab91732d1de6dbc882",
        "type": "gitlab"
      },
      "original": {
        "host": "gitlab.freedesktop.org",
        "owner": "pipewire",
        "repo": "wireplumber",
        "type": "gitlab"
      }
    }
  },
  "root": "root",
  "version": 7
}
